// !$*UTF8*$!
{
	archiveVersion = 1;
	classes = {
	};
	objectVersion = 55;
	objects = {

/* Begin PBXBuildFile section */
		4756850D2AF024A600C2E8ED /* AppDelegate.swift in Sources */ = {isa = PBXBuildFile; fileRef = 4756850C2AF024A600C2E8ED /* AppDelegate.swift */; };
		4756850F2AF024A600C2E8ED /* SceneDelegate.swift in Sources */ = {isa = PBXBuildFile; fileRef = 4756850E2AF024A600C2E8ED /* SceneDelegate.swift */; };
		475685112AF024A600C2E8ED /* ViewController.swift in Sources */ = {isa = PBXBuildFile; fileRef = 475685102AF024A600C2E8ED /* ViewController.swift */; };
		475685142AF024A600C2E8ED /* Main.storyboard in Resources */ = {isa = PBXBuildFile; fileRef = 475685122AF024A600C2E8ED /* Main.storyboard */; };
		475685162AF024AB00C2E8ED /* Assets.xcassets in Resources */ = {isa = PBXBuildFile; fileRef = 475685152AF024AB00C2E8ED /* Assets.xcassets */; };
		475685192AF024AB00C2E8ED /* LaunchScreen.storyboard in Resources */ = {isa = PBXBuildFile; fileRef = 475685172AF024AB00C2E8ED /* LaunchScreen.storyboard */; };
		4760BB672AF02D0B00404EDE /* banduk.png in Resources */ = {isa = PBXBuildFile; fileRef = 4760BB4F2AF02D0A00404EDE /* banduk.png */; };
		4760BB682AF02D0B00404EDE /* banditaly.png in Resources */ = {isa = PBXBuildFile; fileRef = 4760BB502AF02D0A00404EDE /* banditaly.png */; };
		4760BB6D2AF02D0B00404EDE /* bandestonia.png in Resources */ = {isa = PBXBuildFile; fileRef = 4760BB552AF02D0A00404EDE /* bandestonia.png */; };
		4760BB6E2AF02D0B00404EDE /* bandpoland.png in Resources */ = {isa = PBXBuildFile; fileRef = 4760BB562AF02D0A00404EDE /* bandpoland.png */; };
		4760BB6F2AF02D0B00404EDE /* bandgermany.png in Resources */ = {isa = PBXBuildFile; fileRef = 4760BB572AF02D0A00404EDE /* bandgermany.png */; };
		4760BB712AF02D0B00404EDE /* bandmonaco.png in Resources */ = {isa = PBXBuildFile; fileRef = 4760BB592AF02D0A00404EDE /* bandmonaco.png */; };
		4760BB722AF02D0B00404EDE /* bandrussia.png in Resources */ = {isa = PBXBuildFile; fileRef = 4760BB5A2AF02D0A00404EDE /* bandrussia.png */; };
		4760BB752AF02D0B00404EDE /* bandfrance.png in Resources */ = {isa = PBXBuildFile; fileRef = 4760BB5D2AF02D0A00404EDE /* bandfrance.png */; };
		4760BB762AF02D0B00404EDE /* bandus.png in Resources */ = {isa = PBXBuildFile; fileRef = 4760BB5E2AF02D0B00404EDE /* bandus.png */; };
		4760BB772AF02D0B00404EDE /* bandireland.png in Resources */ = {isa = PBXBuildFile; fileRef = 4760BB5F2AF02D0B00404EDE /* bandireland.png */; };
		4760BB792AF02D0B00404EDE /* bandspain.png in Resources */ = {isa = PBXBuildFile; fileRef = 4760BB612AF02D0B00404EDE /* bandspain.png */; };
		4760BB7A2AF02D0B00404EDE /* bandnigeria.png in Resources */ = {isa = PBXBuildFile; fileRef = 4760BB622AF02D0B00404EDE /* bandnigeria.png */; };
		4760BB7C2AF0391A00404EDE /* bandeirasViewCell.swift in Sources */ = {isa = PBXBuildFile; fileRef = 4760BB7B2AF0391A00404EDE /* bandeirasViewCell.swift */; };
		47B411812AF0425700CCF4A6 /* DetailViewController.swift in Sources */ = {isa = PBXBuildFile; fileRef = 47B411802AF0425700CCF4A6 /* DetailViewController.swift */; };
/* End PBXBuildFile section */

/* Begin PBXFileReference section */
		475685092AF024A600C2E8ED /* desafio3.app */ = {isa = PBXFileReference; explicitFileType = wrapper.application; includeInIndex = 0; path = desafio3.app; sourceTree = BUILT_PRODUCTS_DIR; };
		4756850C2AF024A600C2E8ED /* AppDelegate.swift */ = {isa = PBXFileReference; lastKnownFileType = sourcecode.swift; path = AppDelegate.swift; sourceTree = "<group>"; };
		4756850E2AF024A600C2E8ED /* SceneDelegate.swift */ = {isa = PBXFileReference; lastKnownFileType = sourcecode.swift; path = SceneDelegate.swift; sourceTree = "<group>"; };
		475685102AF024A600C2E8ED /* ViewController.swift */ = {isa = PBXFileReference; lastKnownFileType = sourcecode.swift; path = ViewController.swift; sourceTree = "<group>"; };
		475685132AF024A600C2E8ED /* Base */ = {isa = PBXFileReference; lastKnownFileType = file.storyboard; name = Base; path = Base.lproj/Main.storyboard; sourceTree = "<group>"; };
		475685152AF024AB00C2E8ED /* Assets.xcassets */ = {isa = PBXFileReference; lastKnownFileType = folder.assetcatalog; path = Assets.xcassets; sourceTree = "<group>"; };
		475685182AF024AB00C2E8ED /* Base */ = {isa = PBXFileReference; lastKnownFileType = file.storyboard; name = Base; path = Base.lproj/LaunchScreen.storyboard; sourceTree = "<group>"; };
		4756851A2AF024AB00C2E8ED /* Info.plist */ = {isa = PBXFileReference; lastKnownFileType = text.plist.xml; path = Info.plist; sourceTree = "<group>"; };
		4760BB4F2AF02D0A00404EDE /* banduk.png */ = {isa = PBXFileReference; lastKnownFileType = image.png; path = banduk.png; sourceTree = "<group>"; };
		4760BB502AF02D0A00404EDE /* banditaly.png */ = {isa = PBXFileReference; lastKnownFileType = image.png; path = banditaly.png; sourceTree = "<group>"; };
		4760BB552AF02D0A00404EDE /* bandestonia.png */ = {isa = PBXFileReference; lastKnownFileType = image.png; path = bandestonia.png; sourceTree = "<group>"; };
		4760BB562AF02D0A00404EDE /* bandpoland.png */ = {isa = PBXFileReference; lastKnownFileType = image.png; path = bandpoland.png; sourceTree = "<group>"; };
		4760BB572AF02D0A00404EDE /* bandgermany.png */ = {isa = PBXFileReference; lastKnownFileType = image.png; path = bandgermany.png; sourceTree = "<group>"; };
		4760BB592AF02D0A00404EDE /* bandmonaco.png */ = {isa = PBXFileReference; lastKnownFileType = image.png; path = bandmonaco.png; sourceTree = "<group>"; };
		4760BB5A2AF02D0A00404EDE /* bandrussia.png */ = {isa = PBXFileReference; lastKnownFileType = image.png; path = bandrussia.png; sourceTree = "<group>"; };
		4760BB5D2AF02D0A00404EDE /* bandfrance.png */ = {isa = PBXFileReference; lastKnownFileType = image.png; path = bandfrance.png; sourceTree = "<group>"; };
		4760BB5E2AF02D0B00404EDE /* bandus.png */ = {isa = PBXFileReference; lastKnownFileType = image.png; path = bandus.png; sourceTree = "<group>"; };
		4760BB5F2AF02D0B00404EDE /* bandireland.png */ = {isa = PBXFileReference; lastKnownFileType = image.png; path = bandireland.png; sourceTree = "<group>"; };
		4760BB612AF02D0B00404EDE /* bandspain.png */ = {isa = PBXFileReference; lastKnownFileType = image.png; path = bandspain.png; sourceTree = "<group>"; };
		4760BB622AF02D0B00404EDE /* bandnigeria.png */ = {isa = PBXFileReference; lastKnownFileType = image.png; path = bandnigeria.png; sourceTree = "<group>"; };
		4760BB7B2AF0391A00404EDE /* bandeirasViewCell.swift */ = {isa = PBXFileReference; lastKnownFileType = sourcecode.swift; path = bandeirasViewCell.swift; sourceTree = "<group>"; };
		47B411802AF0425700CCF4A6 /* DetailViewController.swift */ = {isa = PBXFileReference; lastKnownFileType = sourcecode.swift; path = DetailViewController.swift; sourceTree = "<group>"; };
/* End PBXFileReference section */

/* Begin PBXFrameworksBuildPhase section */
		475685062AF024A600C2E8ED /* Frameworks */ = {
			isa = PBXFrameworksBuildPhase;
			buildActionMask = 2147483647;
			files = (
			);
			runOnlyForDeploymentPostprocessing = 0;
		};
/* End PBXFrameworksBuildPhase section */

/* Begin PBXGroup section */
		475685002AF024A600C2E8ED = {
			isa = PBXGroup;
			children = (
				4756850B2AF024A600C2E8ED /* desafio3 */,
				4756850A2AF024A600C2E8ED /* Products */,
			);
			sourceTree = "<group>";
		};
		4756850A2AF024A600C2E8ED /* Products */ = {
			isa = PBXGroup;
			children = (
				475685092AF024A600C2E8ED /* desafio3.app */,
			);
			name = Products;
			sourceTree = "<group>";
		};
		4756850B2AF024A600C2E8ED /* desafio3 */ = {
			isa = PBXGroup;
			children = (
				4756850C2AF024A600C2E8ED /* AppDelegate.swift */,
				4756850E2AF024A600C2E8ED /* SceneDelegate.swift */,
				475685102AF024A600C2E8ED /* ViewController.swift */,
				475685122AF024A600C2E8ED /* Main.storyboard */,
				4760BB7B2AF0391A00404EDE /* bandeirasViewCell.swift */,
				475685152AF024AB00C2E8ED /* Assets.xcassets */,
				475685172AF024AB00C2E8ED /* LaunchScreen.storyboard */,
				4756851A2AF024AB00C2E8ED /* Info.plist */,
				4760BB362AF02B9900404EDE /* Content */,
				47B411802AF0425700CCF4A6 /* DetailViewController.swift */,
			);
			path = desafio3;
			sourceTree = "<group>";
		};
		4760BB362AF02B9900404EDE /* Content */ = {
			isa = PBXGroup;
			children = (
				4760BB552AF02D0A00404EDE /* bandestonia.png */,
				4760BB5D2AF02D0A00404EDE /* bandfrance.png */,
				4760BB572AF02D0A00404EDE /* bandgermany.png */,
				4760BB5F2AF02D0B00404EDE /* bandireland.png */,
				4760BB502AF02D0A00404EDE /* banditaly.png */,
				4760BB592AF02D0A00404EDE /* bandmonaco.png */,
				4760BB622AF02D0B00404EDE /* bandnigeria.png */,
				4760BB562AF02D0A00404EDE /* bandpoland.png */,
				4760BB5A2AF02D0A00404EDE /* bandrussia.png */,
				4760BB612AF02D0B00404EDE /* bandspain.png */,
				4760BB4F2AF02D0A00404EDE /* banduk.png */,
				4760BB5E2AF02D0B00404EDE /* bandus.png */,
			);
			path = Content;
			sourceTree = "<group>";
		};
/* End PBXGroup section */

/* Begin PBXNativeTarget section */
		475685082AF024A600C2E8ED /* desafio3 */ = {
			isa = PBXNativeTarget;
			buildConfigurationList = 4756851D2AF024AB00C2E8ED /* Build configuration list for PBXNativeTarget "desafio3" */;
			buildPhases = (
				475685052AF024A600C2E8ED /* Sources */,
				475685062AF024A600C2E8ED /* Frameworks */,
				475685072AF024A600C2E8ED /* Resources */,
			);
			buildRules = (
			);
			dependencies = (
			);
			name = desafio3;
			productName = desafio3;
			productReference = 475685092AF024A600C2E8ED /* desafio3.app */;
			productType = "com.apple.product-type.application";
		};
/* End PBXNativeTarget section */

/* Begin PBXProject section */
		475685012AF024A600C2E8ED /* Project object */ = {
			isa = PBXProject;
			attributes = {
				BuildIndependentTargetsInParallel = 1;
				LastSwiftUpdateCheck = 1340;
				LastUpgradeCheck = 1340;
				TargetAttributes = {
					475685082AF024A600C2E8ED = {
						CreatedOnToolsVersion = 13.4.1;
					};
				};
			};
			buildConfigurationList = 475685042AF024A600C2E8ED /* Build configuration list for PBXProject "desafio3" */;
			compatibilityVersion = "Xcode 13.0";
			developmentRegion = en;
			hasScannedForEncodings = 0;
			knownRegions = (
				en,
				Base,
			);
			mainGroup = 475685002AF024A600C2E8ED;
			productRefGroup = 4756850A2AF024A600C2E8ED /* Products */;
			projectDirPath = "";
			projectRoot = "";
			targets = (
				475685082AF024A600C2E8ED /* desafio3 */,
			);
		};
/* End PBXProject section */

/* Begin PBXResourcesBuildPhase section */
		475685072AF024A600C2E8ED /* Resources */ = {
			isa = PBXResourcesBuildPhase;
			buildActionMask = 2147483647;
			files = (
				4760BB7A2AF02D0B00404EDE /* bandnigeria.png in Resources */,
				475685192AF024AB00C2E8ED /* LaunchScreen.storyboard in Resources */,
				475685162AF024AB00C2E8ED /* Assets.xcassets in Resources */,
				4760BB682AF02D0B00404EDE /* banditaly.png in Resources */,
				4760BB722AF02D0B00404EDE /* bandrussia.png in Resources */,
				4760BB772AF02D0B00404EDE /* bandireland.png in Resources */,
				4760BB762AF02D0B00404EDE /* bandus.png in Resources */,
				475685142AF024A600C2E8ED /* Main.storyboard in Resources */,
				4760BB712AF02D0B00404EDE /* bandmonaco.png in Resources */,
				4760BB6E2AF02D0B00404EDE /* bandpoland.png in Resources */,
				4760BB6D2AF02D0B00404EDE /* bandestonia.png in Resources */,
				4760BB672AF02D0B00404EDE /* banduk.png in Resources */,
				4760BB792AF02D0B00404EDE /* bandspain.png in Resources */,
				4760BB752AF02D0B00404EDE /* bandfrance.png in Resources */,
				4760BB6F2AF02D0B00404EDE /* bandgermany.png in Resources */,
			);
			runOnlyForDeploymentPostprocessing = 0;
		};
/* End PBXResourcesBuildPhase section */

/* Begin PBXSourcesBuildPhase section */
		475685052AF024A600C2E8ED /* Sources */ = {
			isa = PBXSourcesBuildPhase;
			buildActionMask = 2147483647;
			files = (
				475685112AF024A600C2E8ED /* ViewController.swift in Sources */,
				4756850D2AF024A600C2E8ED /* AppDelegate.swift in Sources */,
				47B411812AF0425700CCF4A6 /* DetailViewController.swift in Sources */,
				4760BB7C2AF0391A00404EDE /* bandeirasViewCell.swift in Sources */,
				4756850F2AF024A600C2E8ED /* SceneDelegate.swift in Sources */,
			);
			runOnlyForDeploymentPostprocessing = 0;
		};
/* End PBXSourcesBuildPhase section */

/* Begin PBXVariantGroup section */
		475685122AF024A600C2E8ED /* Main.storyboard */ = {
			isa = PBXVariantGroup;
			children = (
				475685132AF024A600C2E8ED /* Base */,
			);
			name = Main.storyboard;
			sourceTree = "<group>";
		};
		475685172AF024AB00C2E8ED /* LaunchScreen.storyboard */ = {
			isa = PBXVariantGroup;
			children = (
				475685182AF024AB00C2E8ED /* Base */,
			);
			name = LaunchScreen.storyboard;
			sourceTree = "<group>";
		};
/* End PBXVariantGroup section */

/* Begin XCBuildConfiguration section */
		4756851B2AF024AB00C2E8ED /* Debug */ = {
			isa = XCBuildConfiguration;
			buildSettings = {
				ALWAYS_SEARCH_USER_PATHS = NO;
				CLANG_ANALYZER_NONNULL = YES;
				CLANG_ANALYZER_NUMBER_OBJECT_CONVERSION = YES_AGGRESSIVE;
				CLANG_CXX_LANGUAGE_STANDARD = "gnu++17";
				CLANG_ENABLE_MODULES = YES;
				CLANG_ENABLE_OBJC_ARC = YES;
				CLANG_ENABLE_OBJC_WEAK = YES;
				CLANG_WARN_BLOCK_CAPTURE_AUTORELEASING = YES;
				CLANG_WARN_BOOL_CONVERSION = YES;
				CLANG_WARN_COMMA = YES;
				CLANG_WARN_CONSTANT_CONVERSION = YES;
				CLANG_WARN_DEPRECATED_OBJC_IMPLEMENTATIONS = YES;
				CLANG_WARN_DIRECT_OBJC_ISA_USAGE = YES_ERROR;
				CLANG_WARN_DOCUMENTATION_COMMENTS = YES;
				CLANG_WARN_EMPTY_BODY = YES;
				CLANG_WARN_ENUM_CONVERSION = YES;
				CLANG_WARN_INFINITE_RECURSION = YES;
				CLANG_WARN_INT_CONVERSION = YES;
				CLANG_WARN_NON_LITERAL_NULL_CONVERSION = YES;
				CLANG_WARN_OBJC_IMPLICIT_RETAIN_SELF = YES;
				CLANG_WARN_OBJC_LITERAL_CONVERSION = YES;
				CLANG_WARN_OBJC_ROOT_CLASS = YES_ERROR;
				CLANG_WARN_QUOTED_INCLUDE_IN_FRAMEWORK_HEADER = YES;
				CLANG_WARN_RANGE_LOOP_ANALYSIS = YES;
				CLANG_WARN_STRICT_PROTOTYPES = YES;
				CLANG_WARN_SUSPICIOUS_MOVE = YES;
				CLANG_WARN_UNGUARDED_AVAILABILITY = YES_AGGRESSIVE;
				CLANG_WARN_UNREACHABLE_CODE = YES;
				CLANG_WARN__DUPLICATE_METHOD_MATCH = YES;
				COPY_PHASE_STRIP = NO;
				DEBUG_INFORMATION_FORMAT = dwarf;
				ENABLE_STRICT_OBJC_MSGSEND = YES;
				ENABLE_TESTABILITY = YES;
				GCC_C_LANGUAGE_STANDARD = gnu11;
				GCC_DYNAMIC_NO_PIC = NO;
				GCC_NO_COMMON_BLOCKS = YES;
				GCC_OPTIMIZATION_LEVEL = 0;
				GCC_PREPROCESSOR_DEFINITIONS = (
					"DEBUG=1",
					"$(inherited)",
				);
				GCC_WARN_64_TO_32_BIT_CONVERSION = YES;
				GCC_WARN_ABOUT_RETURN_TYPE = YES_ERROR;
				GCC_WARN_UNDECLARED_SELECTOR = YES;
				GCC_WARN_UNINITIALIZED_AUTOS = YES_AGGRESSIVE;
				GCC_WARN_UNUSED_FUNCTION = YES;
				GCC_WARN_UNUSED_VARIABLE = YES;
				IPHONEOS_DEPLOYMENT_TARGET = 15.5;
				MTL_ENABLE_DEBUG_INFO = INCLUDE_SOURCE;
				MTL_FAST_MATH = YES;
				ONLY_ACTIVE_ARCH = YES;
				SDKROOT = iphoneos;
				SWIFT_ACTIVE_COMPILATION_CONDITIONS = DEBUG;
				SWIFT_OPTIMIZATION_LEVEL = "-Onone";
			};
			name = Debug;
		};
		4756851C2AF024AB00C2E8ED /* Release */ = {
			isa = XCBuildConfiguration;
			buildSettings = {
				ALWAYS_SEARCH_USER_PATHS = NO;
				CLANG_ANALYZER_NONNULL = YES;
				CLANG_ANALYZER_NUMBER_OBJECT_CONVERSION = YES_AGGRESSIVE;
				CLANG_CXX_LANGUAGE_STANDARD = "gnu++17";
				CLANG_ENABLE_MODULES = YES;
				CLANG_ENABLE_OBJC_ARC = YES;
				CLANG_ENABLE_OBJC_WEAK = YES;
				CLANG_WARN_BLOCK_CAPTURE_AUTORELEASING = YES;
				CLANG_WARN_BOOL_CONVERSION = YES;
				CLANG_WARN_COMMA = YES;
				CLANG_WARN_CONSTANT_CONVERSION = YES;
				CLANG_WARN_DEPRECATED_OBJC_IMPLEMENTATIONS = YES;
				CLANG_WARN_DIRECT_OBJC_ISA_USAGE = YES_ERROR;
				CLANG_WARN_DOCUMENTATION_COMMENTS = YES;
				CLANG_WARN_EMPTY_BODY = YES;
				CLANG_WARN_ENUM_CONVERSION = YES;
				CLANG_WARN_INFINITE_RECURSION = YES;
				CLANG_WARN_INT_CONVERSION = YES;
				CLANG_WARN_NON_LITERAL_NULL_CONVERSION = YES;
				CLANG_WARN_OBJC_IMPLICIT_RETAIN_SELF = YES;
				CLANG_WARN_OBJC_LITERAL_CONVERSION = YES;
				CLANG_WARN_OBJC_ROOT_CLASS = YES_ERROR;
				CLANG_WARN_QUOTED_INCLUDE_IN_FRAMEWORK_HEADER = YES;
				CLANG_WARN_RANGE_LOOP_ANALYSIS = YES;
				CLANG_WARN_STRICT_PROTOTYPES = YES;
				CLANG_WARN_SUSPICIOUS_MOVE = YES;
				CLANG_WARN_UNGUARDED_AVAILABILITY = YES_AGGRESSIVE;
				CLANG_WARN_UNREACHABLE_CODE = YES;
				CLANG_WARN__DUPLICATE_METHOD_MATCH = YES;
				COPY_PHASE_STRIP = NO;
				DEBUG_INFORMATION_FORMAT = "dwarf-with-dsym";
				ENABLE_NS_ASSERTIONS = NO;
				ENABLE_STRICT_OBJC_MSGSEND = YES;
				GCC_C_LANGUAGE_STANDARD = gnu11;
				GCC_NO_COMMON_BLOCKS = YES;
				GCC_WARN_64_TO_32_BIT_CONVERSION = YES;
				GCC_WARN_ABOUT_RETURN_TYPE = YES_ERROR;
				GCC_WARN_UNDECLARED_SELECTOR = YES;
				GCC_WARN_UNINITIALIZED_AUTOS = YES_AGGRESSIVE;
				GCC_WARN_UNUSED_FUNCTION = YES;
				GCC_WARN_UNUSED_VARIABLE = YES;
				IPHONEOS_DEPLOYMENT_TARGET = 15.5;
				MTL_ENABLE_DEBUG_INFO = NO;
				MTL_FAST_MATH = YES;
				SDKROOT = iphoneos;
				SWIFT_COMPILATION_MODE = wholemodule;
				SWIFT_OPTIMIZATION_LEVEL = "-O";
				VALIDATE_PRODUCT = YES;
			};
			name = Release;
		};
		4756851E2AF024AB00C2E8ED /* Debug */ = {
			isa = XCBuildConfiguration;
			buildSettings = {
				ASSETCATALOG_COMPILER_APPICON_NAME = AppIcon;
				ASSETCATALOG_COMPILER_GLOBAL_ACCENT_COLOR_NAME = AccentColor;
				CODE_SIGN_STYLE = Automatic;
				CURRENT_PROJECT_VERSION = 1;
				DEVELOPMENT_TEAM = T799BTXVLZ;
				GENERATE_INFOPLIST_FILE = YES;
				INFOPLIST_FILE = desafio3/Info.plist;
				INFOPLIST_KEY_UIApplicationSupportsIndirectInputEvents = YES;
				INFOPLIST_KEY_UILaunchStoryboardName = LaunchScreen;
				INFOPLIST_KEY_UIMainStoryboardFile = Main;
				INFOPLIST_KEY_UISupportedInterfaceOrientations_iPad = "UIInterfaceOrientationPortrait UIInterfaceOrientationPortraitUpsideDown UIInterfaceOrientationLandscapeLeft UIInterfaceOrientationLandscapeRight";
				INFOPLIST_KEY_UISupportedInterfaceOrientations_iPhone = "UIInterfaceOrientationPortrait UIInterfaceOrientationLandscapeLeft UIInterfaceOrientationLandscapeRight";
				LD_RUNPATH_SEARCH_PATHS = (
					"$(inherited)",
					"@executable_path/Frameworks",
				);
				MARKETING_VERSION = 1.0;
				PRODUCT_BUNDLE_IDENTIFIER = marcel.farias.desafio3;
				PRODUCT_NAME = "$(TARGET_NAME)";
				SWIFT_EMIT_LOC_STRINGS = YES;
				SWIFT_VERSION = 5.0;
				TARGETED_DEVICE_FAMILY = "1,2";
			};
			name = Debug;
		};
		4756851F2AF024AB00C2E8ED /* Release */ = {
			isa = XCBuildConfiguration;
			buildSettings = {
				ASSETCATALOG_COMPILER_APPICON_NAME = AppIcon;
				ASSETCATALOG_COMPILER_GLOBAL_ACCENT_COLOR_NAME = AccentColor;
				CODE_SIGN_STYLE = Automatic;
				CURRENT_PROJECT_VERSION = 1;
				DEVELOPMENT_TEAM = T799BTXVLZ;
				GENERATE_INFOPLIST_FILE = YES;
				INFOPLIST_FILE = desafio3/Info.plist;
				INFOPLIST_KEY_UIApplicationSupportsIndirectInputEvents = YES;
				INFOPLIST_KEY_UILaunchStoryboardName = LaunchScreen;
				INFOPLIST_KEY_UIMainStoryboardFile = Main;
				INFOPLIST_KEY_UISupportedInterfaceOrientations_iPad = "UIInterfaceOrientationPortrait UIInterfaceOrientationPortraitUpsideDown UIInterfaceOrientationLandscapeLeft UIInterfaceOrientationLandscapeRight";
				INFOPLIST_KEY_UISupportedInterfaceOrientations_iPhone = "UIInterfaceOrientationPortrait UIInterfaceOrientationLandscapeLeft UIInterfaceOrientationLandscapeRight";
				LD_RUNPATH_SEARCH_PATHS = (
					"$(inherited)",
					"@executable_path/Frameworks",
				);
				MARKETING_VERSION = 1.0;
				PRODUCT_BUNDLE_IDENTIFIER = marcel.farias.desafio3;
				PRODUCT_NAME = "$(TARGET_NAME)";
				SWIFT_EMIT_LOC_STRINGS = YES;
				SWIFT_VERSION = 5.0;
				TARGETED_DEVICE_FAMILY = "1,2";
			};
			name = Release;
		};
/* End XCBuildConfiguration section */

/* Begin XCConfigurationList section */
		475685042AF024A600C2E8ED /* Build configuration list for PBXProject "desafio3" */ = {
			isa = XCConfigurationList;
			buildConfigurations = (
				4756851B2AF024AB00C2E8ED /* Debug */,
				4756851C2AF024AB00C2E8ED /* Release */,
			);
			defaultConfigurationIsVisible = 0;
			defaultConfigurationName = Release;
		};
		4756851D2AF024AB00C2E8ED /* Build configuration list for PBXNativeTarget "desafio3" */ = {
			isa = XCConfigurationList;
			buildConfigurations = (
				4756851E2AF024AB00C2E8ED /* Debug */,
				4756851F2AF024AB00C2E8ED /* Release */,
			);
			defaultConfigurationIsVisible = 0;
			defaultConfigurationName = Release;
		};
/* End XCConfigurationList section */
	};
	rootObject = 475685012AF024A600C2E8ED /* Project object */;
}
